
Microsoft Visual Studio Solution File, Format Version 12.00
# Visual Studio Version 17
VisualStudioVersion = 17.6.33829.357
MinimumVisualStudioVersion = 10.0.40219.1
Project("{888888A0-9F3D-457C-B088-3A5042F75D52}") = "MOCU PY analitics", "MOCU PY analitics.pyproj", "{0C3E9CAE-F69B-4A9D-A0FE-743987170000}"
EndProject
Global
	GlobalSection(SolutionConfigurationPlatforms) = preSolution
		Debug|Any CPU = Debug|Any CPU
		Release|Any CPU = Release|Any CPU
	EndGlobalSection
	GlobalSection(ProjectConfigurationPlatforms) = postSolution
		{0C3E9CAE-F69B-4A9D-A0FE-743987170000}.Debug|Any CPU.ActiveCfg = Debug|Any CPU
		{0C3E9CAE-F69B-4A9D-A0FE-743987170000}.Release|Any CPU.ActiveCfg = Release|Any CPU
	EndGlobalSection
	GlobalSection(SolutionProperties) = preSolution
		HideSolutionNode = FALSE
	EndGlobalSection
	GlobalSection(ExtensibilityGlobals) = postSolution
		SolutionGuid = {5B407A6F-6C13-4059-A2E0-F80585F3AD79}
	EndGlobalSection
EndGlobal
